
Microsoft Visual Studio Solution File, Format Version 12.00
# Visual Studio Version 17
VisualStudioVersion = 17.4.33122.133
MinimumVisualStudioVersion = 10.0.40219.1
Project("{2150E333-8FDC-42A3-9474-1A3956D46DE8}") = "Clean.UserMicroService.Domain", "Clean.UserMicroService.Domain", "{34491F47-57F1-46DC-9F6F-6EED6286AA6A}"
EndProject
Project("{2150E333-8FDC-42A3-9474-1A3956D46DE8}") = "Clean.UserMicroService.Application", "Clean.UserMicroService.Application", "{6B4F1EEC-99BD-4E22-B3C2-27F1AB69515E}"
EndProject
Project("{2150E333-8FDC-42A3-9474-1A3956D46DE8}") = "Clean.UserMicroService.Persistence", "Clean.UserMicroService.Persistence", "{ECBE831C-BA17-4B00-9A1F-8E36000E4FC8}"
EndProject
Project("{2150E333-8FDC-42A3-9474-1A3956D46DE8}") = "Clean.UserMicroService.Infrustructure", "Clean.UserMicroService.Infrustructure", "{FA670FAC-DFA9-42F6-8F8B-0857ABCA62DE}"
EndProject
Project("{2150E333-8FDC-42A3-9474-1A3956D46DE8}") = "Clean.UserMicroService.Presentation", "Clean.UserMicroService.Presentation", "{28C2FFD0-EFE2-407E-B0AA-6B0553EC1025}"
EndProject
Project("{2150E333-8FDC-42A3-9474-1A3956D46DE8}") = "Clean.Shared", "Clean.Shared", "{697DCD18-1223-4231-9767-6C6BCABECDC4}"
EndProject
Project("{9A19103F-16F7-4668-BE54-9A1E7A4F7556}") = "Clean.Shared", "Clean.Shared\Clean.Shared.csproj", "{F5456F82-7923-49AF-9527-423445E032FC}"
EndProject
Project("{2150E333-8FDC-42A3-9474-1A3956D46DE8}") = "Clean.UserMicroService", "Clean.UserMicroService", "{C36F763C-E6B8-4D7F-AA76-F234EA28831A}"
EndProject
Project("{9A19103F-16F7-4668-BE54-9A1E7A4F7556}") = "Clean.UserMicroService.Application", "Clean.UserMicroService\Clean.UserMicroService.Application\Clean.UserMicroService.Application.csproj", "{A2E3041F-88D9-4C95-8654-BCF372DA82D7}"
EndProject
Project("{9A19103F-16F7-4668-BE54-9A1E7A4F7556}") = "Clean.UserMicroService.Domain", "Clean.UserMicroService\Clean.UserMicroService.Domain\Clean.UserMicroService.Domain.csproj", "{FB266B29-912B-41BA-92BC-85F878024D9A}"
EndProject
Project("{9A19103F-16F7-4668-BE54-9A1E7A4F7556}") = "Clean.UserMicroService.Persistence", "Clean.UserMicroService\Clean.UserMicroService.Persistence\Clean.UserMicroService.Persistence.csproj", "{2B9A27D9-3053-484B-867C-1F59B994113A}"
EndProject
Project("{9A19103F-16F7-4668-BE54-9A1E7A4F7556}") = "Clean.UserMicroService.WebApi", "Clean.UserMicroService\Clean.UserMicroService.WebApi\Clean.UserMicroService.WebApi.csproj", "{0D5C4E0C-54AC-4E96-B1C5-F941CB578C14}"
EndProject
Project("{2150E333-8FDC-42A3-9474-1A3956D46DE8}") = "Clean.PostMicroService", "Clean.PostMicroService", "{486541A0-A315-46BD-9D66-DBC4C2606CC1}"
EndProject
Project("{2150E333-8FDC-42A3-9474-1A3956D46DE8}") = "Clean.PostMicroService.Application", "Clean.PostMicroService.Application", "{EFAFF80D-649E-4ADA-A7FC-6DB5CDEF8743}"
EndProject
Project("{2150E333-8FDC-42A3-9474-1A3956D46DE8}") = "Clean.PostMicroService.Domain", "Clean.PostMicroService.Domain", "{F000CF52-AB69-4F99-BB8B-BA89C04107E0}"
EndProject
Project("{2150E333-8FDC-42A3-9474-1A3956D46DE8}") = "Clean.PostMicroService.Persistence", "Clean.PostMicroService.Persistence", "{3AE4F927-D240-4C36-97A3-749F3D70D071}"
EndProject
Project("{2150E333-8FDC-42A3-9474-1A3956D46DE8}") = "Clean.PostMicroService.WebApi", "Clean.PostMicroService.WebApi", "{9711DB42-2160-4014-8B0C-D9EF1A1C1774}"
EndProject
Project("{9A19103F-16F7-4668-BE54-9A1E7A4F7556}") = "Clean.PostMicroService.Application", "Clean.PostMicroService\Clean.PostMicroService.Application\Clean.PostMicroService.Application.csproj", "{B160196C-9A25-4362-82D8-0068FC3D43E4}"
EndProject
Project("{9A19103F-16F7-4668-BE54-9A1E7A4F7556}") = "Clean.PostMicroService.Domain", "Clean.PostMicroService\Clean.PostMicroService.Domain\Clean.PostMicroService.Domain.csproj", "{687EB319-6294-4494-8B39-B381213E41D3}"
EndProject
Global
	GlobalSection(SolutionConfigurationPlatforms) = preSolution
		Debug|Any CPU = Debug|Any CPU
		Release|Any CPU = Release|Any CPU
	EndGlobalSection
	GlobalSection(ProjectConfigurationPlatforms) = postSolution
		{F5456F82-7923-49AF-9527-423445E032FC}.Debug|Any CPU.ActiveCfg = Debug|Any CPU
		{F5456F82-7923-49AF-9527-423445E032FC}.Debug|Any CPU.Build.0 = Debug|Any CPU
		{F5456F82-7923-49AF-9527-423445E032FC}.Release|Any CPU.ActiveCfg = Release|Any CPU
		{F5456F82-7923-49AF-9527-423445E032FC}.Release|Any CPU.Build.0 = Release|Any CPU
		{A2E3041F-88D9-4C95-8654-BCF372DA82D7}.Debug|Any CPU.ActiveCfg = Debug|Any CPU
		{A2E3041F-88D9-4C95-8654-BCF372DA82D7}.Debug|Any CPU.Build.0 = Debug|Any CPU
		{A2E3041F-88D9-4C95-8654-BCF372DA82D7}.Release|Any CPU.ActiveCfg = Release|Any CPU
		{A2E3041F-88D9-4C95-8654-BCF372DA82D7}.Release|Any CPU.Build.0 = Release|Any CPU
		{FB266B29-912B-41BA-92BC-85F878024D9A}.Debug|Any CPU.ActiveCfg = Debug|Any CPU
		{FB266B29-912B-41BA-92BC-85F878024D9A}.Debug|Any CPU.Build.0 = Debug|Any CPU
		{FB266B29-912B-41BA-92BC-85F878024D9A}.Release|Any CPU.ActiveCfg = Release|Any CPU
		{FB266B29-912B-41BA-92BC-85F878024D9A}.Release|Any CPU.Build.0 = Release|Any CPU
		{2B9A27D9-3053-484B-867C-1F59B994113A}.Debug|Any CPU.ActiveCfg = Debug|Any CPU
		{2B9A27D9-3053-484B-867C-1F59B994113A}.Debug|Any CPU.Build.0 = Debug|Any CPU
		{2B9A27D9-3053-484B-867C-1F59B994113A}.Release|Any CPU.ActiveCfg = Release|Any CPU
		{2B9A27D9-3053-484B-867C-1F59B994113A}.Release|Any CPU.Build.0 = Release|Any CPU
		{0D5C4E0C-54AC-4E96-B1C5-F941CB578C14}.Debug|Any CPU.ActiveCfg = Debug|Any CPU
		{0D5C4E0C-54AC-4E96-B1C5-F941CB578C14}.Debug|Any CPU.Build.0 = Debug|Any CPU
		{0D5C4E0C-54AC-4E96-B1C5-F941CB578C14}.Release|Any CPU.ActiveCfg = Release|Any CPU
		{0D5C4E0C-54AC-4E96-B1C5-F941CB578C14}.Release|Any CPU.Build.0 = Release|Any CPU
		{B160196C-9A25-4362-82D8-0068FC3D43E4}.Debug|Any CPU.ActiveCfg = Debug|Any CPU
		{B160196C-9A25-4362-82D8-0068FC3D43E4}.Debug|Any CPU.Build.0 = Debug|Any CPU
		{B160196C-9A25-4362-82D8-0068FC3D43E4}.Release|Any CPU.ActiveCfg = Release|Any CPU
		{B160196C-9A25-4362-82D8-0068FC3D43E4}.Release|Any CPU.Build.0 = Release|Any CPU
		{687EB319-6294-4494-8B39-B381213E41D3}.Debug|Any CPU.ActiveCfg = Debug|Any CPU
		{687EB319-6294-4494-8B39-B381213E41D3}.Debug|Any CPU.Build.0 = Debug|Any CPU
		{687EB319-6294-4494-8B39-B381213E41D3}.Release|Any CPU.ActiveCfg = Release|Any CPU
		{687EB319-6294-4494-8B39-B381213E41D3}.Release|Any CPU.Build.0 = Release|Any CPU
	EndGlobalSection
	GlobalSection(SolutionProperties) = preSolution
		HideSolutionNode = FALSE
	EndGlobalSection
	GlobalSection(NestedProjects) = preSolution
		{34491F47-57F1-46DC-9F6F-6EED6286AA6A} = {C36F763C-E6B8-4D7F-AA76-F234EA28831A}
		{6B4F1EEC-99BD-4E22-B3C2-27F1AB69515E} = {C36F763C-E6B8-4D7F-AA76-F234EA28831A}
		{ECBE831C-BA17-4B00-9A1F-8E36000E4FC8} = {C36F763C-E6B8-4D7F-AA76-F234EA28831A}
		{FA670FAC-DFA9-42F6-8F8B-0857ABCA62DE} = {C36F763C-E6B8-4D7F-AA76-F234EA28831A}
		{28C2FFD0-EFE2-407E-B0AA-6B0553EC1025} = {C36F763C-E6B8-4D7F-AA76-F234EA28831A}
		{F5456F82-7923-49AF-9527-423445E032FC} = {697DCD18-1223-4231-9767-6C6BCABECDC4}
		{A2E3041F-88D9-4C95-8654-BCF372DA82D7} = {6B4F1EEC-99BD-4E22-B3C2-27F1AB69515E}
		{FB266B29-912B-41BA-92BC-85F878024D9A} = {34491F47-57F1-46DC-9F6F-6EED6286AA6A}
		{2B9A27D9-3053-484B-867C-1F59B994113A} = {ECBE831C-BA17-4B00-9A1F-8E36000E4FC8}
		{0D5C4E0C-54AC-4E96-B1C5-F941CB578C14} = {28C2FFD0-EFE2-407E-B0AA-6B0553EC1025}
		{EFAFF80D-649E-4ADA-A7FC-6DB5CDEF8743} = {486541A0-A315-46BD-9D66-DBC4C2606CC1}
		{F000CF52-AB69-4F99-BB8B-BA89C04107E0} = {486541A0-A315-46BD-9D66-DBC4C2606CC1}
		{3AE4F927-D240-4C36-97A3-749F3D70D071} = {486541A0-A315-46BD-9D66-DBC4C2606CC1}
		{9711DB42-2160-4014-8B0C-D9EF1A1C1774} = {486541A0-A315-46BD-9D66-DBC4C2606CC1}
		{B160196C-9A25-4362-82D8-0068FC3D43E4} = {EFAFF80D-649E-4ADA-A7FC-6DB5CDEF8743}
		{687EB319-6294-4494-8B39-B381213E41D3} = {F000CF52-AB69-4F99-BB8B-BA89C04107E0}
	EndGlobalSection
	GlobalSection(ExtensibilityGlobals) = postSolution
		SolutionGuid = {8164A094-F4BA-412C-B634-D1C3AF8F42DC}
	EndGlobalSection
EndGlobal
