
Microsoft Visual Studio Solution File, Format Version 12.00
# Visual Studio Version 17
VisualStudioVersion = 17.4.33122.133
MinimumVisualStudioVersion = 10.0.40219.1
Project("{2150E333-8FDC-42A3-9474-1A3956D46DE8}") = "Clean.Domain", "Clean.Domain", "{34491F47-57F1-46DC-9F6F-6EED6286AA6A}"
EndProject
Project("{2150E333-8FDC-42A3-9474-1A3956D46DE8}") = "Clean.Application", "Clean.Application", "{6B4F1EEC-99BD-4E22-B3C2-27F1AB69515E}"
EndProject
Project("{2150E333-8FDC-42A3-9474-1A3956D46DE8}") = "Clean.Persistence", "Clean.Persistence", "{ECBE831C-BA17-4B00-9A1F-8E36000E4FC8}"
EndProject
Project("{2150E333-8FDC-42A3-9474-1A3956D46DE8}") = "Clean.Infrustructure", "Clean.Infrustructure", "{FA670FAC-DFA9-42F6-8F8B-0857ABCA62DE}"
EndProject
Project("{2150E333-8FDC-42A3-9474-1A3956D46DE8}") = "Clean.Presentation", "Clean.Presentation", "{28C2FFD0-EFE2-407E-B0AA-6B0553EC1025}"
EndProject
Project("{9A19103F-16F7-4668-BE54-9A1E7A4F7556}") = "Clean.Domain", "Clean.Domain\Clean.Domain.csproj", "{2F3C81A6-D534-423A-BFC1-13D3C8391C15}"
EndProject
Project("{9A19103F-16F7-4668-BE54-9A1E7A4F7556}") = "Clean.Persistence", "Clean.Persistence\Clean.Persistence.csproj", "{90AD8B7E-4167-4B82-BFD6-9B11EA6FEB2D}"
EndProject
Project("{9A19103F-16F7-4668-BE54-9A1E7A4F7556}") = "Clean.Application", "Clean.Application\Clean.Application.csproj", "{58296C65-6D0F-4BFF-ABBA-0671FE377EA0}"
EndProject
Project("{2150E333-8FDC-42A3-9474-1A3956D46DE8}") = "Clean.Shared", "Clean.Shared", "{697DCD18-1223-4231-9767-6C6BCABECDC4}"
EndProject
Project("{9A19103F-16F7-4668-BE54-9A1E7A4F7556}") = "Clean.Shared", "Clean.Shared\Clean.Shared.csproj", "{F5456F82-7923-49AF-9527-423445E032FC}"
EndProject
Project("{9A19103F-16F7-4668-BE54-9A1E7A4F7556}") = "Clean.WebApi", "Clean.WebApi\Clean.WebApi.csproj", "{A520DD0C-B0EC-4F12-938B-4CF4F0F1DCB7}"
EndProject
Project("{E53339B2-1760-4266-BCC7-CA923CBCF16C}") = "docker-compose", "docker-compose.dcproj", "{916B5370-BC3E-4A07-945B-F077CA7EDF6A}"
EndProject
Project("{2150E333-8FDC-42A3-9474-1A3956D46DE8}") = "UserMicroService", "UserMicroService", "{C36F763C-E6B8-4D7F-AA76-F234EA28831A}"
EndProject
Global
	GlobalSection(SolutionConfigurationPlatforms) = preSolution
		Debug|Any CPU = Debug|Any CPU
		Release|Any CPU = Release|Any CPU
	EndGlobalSection
	GlobalSection(ProjectConfigurationPlatforms) = postSolution
		{2F3C81A6-D534-423A-BFC1-13D3C8391C15}.Debug|Any CPU.ActiveCfg = Debug|Any CPU
		{2F3C81A6-D534-423A-BFC1-13D3C8391C15}.Debug|Any CPU.Build.0 = Debug|Any CPU
		{2F3C81A6-D534-423A-BFC1-13D3C8391C15}.Release|Any CPU.ActiveCfg = Release|Any CPU
		{2F3C81A6-D534-423A-BFC1-13D3C8391C15}.Release|Any CPU.Build.0 = Release|Any CPU
		{90AD8B7E-4167-4B82-BFD6-9B11EA6FEB2D}.Debug|Any CPU.ActiveCfg = Debug|Any CPU
		{90AD8B7E-4167-4B82-BFD6-9B11EA6FEB2D}.Debug|Any CPU.Build.0 = Debug|Any CPU
		{90AD8B7E-4167-4B82-BFD6-9B11EA6FEB2D}.Release|Any CPU.ActiveCfg = Release|Any CPU
		{90AD8B7E-4167-4B82-BFD6-9B11EA6FEB2D}.Release|Any CPU.Build.0 = Release|Any CPU
		{58296C65-6D0F-4BFF-ABBA-0671FE377EA0}.Debug|Any CPU.ActiveCfg = Debug|Any CPU
		{58296C65-6D0F-4BFF-ABBA-0671FE377EA0}.Debug|Any CPU.Build.0 = Debug|Any CPU
		{58296C65-6D0F-4BFF-ABBA-0671FE377EA0}.Release|Any CPU.ActiveCfg = Release|Any CPU
		{58296C65-6D0F-4BFF-ABBA-0671FE377EA0}.Release|Any CPU.Build.0 = Release|Any CPU
		{F5456F82-7923-49AF-9527-423445E032FC}.Debug|Any CPU.ActiveCfg = Debug|Any CPU
		{F5456F82-7923-49AF-9527-423445E032FC}.Debug|Any CPU.Build.0 = Debug|Any CPU
		{F5456F82-7923-49AF-9527-423445E032FC}.Release|Any CPU.ActiveCfg = Release|Any CPU
		{F5456F82-7923-49AF-9527-423445E032FC}.Release|Any CPU.Build.0 = Release|Any CPU
		{A520DD0C-B0EC-4F12-938B-4CF4F0F1DCB7}.Debug|Any CPU.ActiveCfg = Debug|Any CPU
		{A520DD0C-B0EC-4F12-938B-4CF4F0F1DCB7}.Debug|Any CPU.Build.0 = Debug|Any CPU
		{A520DD0C-B0EC-4F12-938B-4CF4F0F1DCB7}.Release|Any CPU.ActiveCfg = Release|Any CPU
		{A520DD0C-B0EC-4F12-938B-4CF4F0F1DCB7}.Release|Any CPU.Build.0 = Release|Any CPU
		{916B5370-BC3E-4A07-945B-F077CA7EDF6A}.Debug|Any CPU.ActiveCfg = Debug|Any CPU
		{916B5370-BC3E-4A07-945B-F077CA7EDF6A}.Debug|Any CPU.Build.0 = Debug|Any CPU
		{916B5370-BC3E-4A07-945B-F077CA7EDF6A}.Release|Any CPU.ActiveCfg = Release|Any CPU
		{916B5370-BC3E-4A07-945B-F077CA7EDF6A}.Release|Any CPU.Build.0 = Release|Any CPU
	EndGlobalSection
	GlobalSection(SolutionProperties) = preSolution
		HideSolutionNode = FALSE
	EndGlobalSection
	GlobalSection(NestedProjects) = preSolution
		{34491F47-57F1-46DC-9F6F-6EED6286AA6A} = {C36F763C-E6B8-4D7F-AA76-F234EA28831A}
		{6B4F1EEC-99BD-4E22-B3C2-27F1AB69515E} = {C36F763C-E6B8-4D7F-AA76-F234EA28831A}
		{ECBE831C-BA17-4B00-9A1F-8E36000E4FC8} = {C36F763C-E6B8-4D7F-AA76-F234EA28831A}
		{FA670FAC-DFA9-42F6-8F8B-0857ABCA62DE} = {C36F763C-E6B8-4D7F-AA76-F234EA28831A}
		{28C2FFD0-EFE2-407E-B0AA-6B0553EC1025} = {C36F763C-E6B8-4D7F-AA76-F234EA28831A}
		{2F3C81A6-D534-423A-BFC1-13D3C8391C15} = {34491F47-57F1-46DC-9F6F-6EED6286AA6A}
		{90AD8B7E-4167-4B82-BFD6-9B11EA6FEB2D} = {ECBE831C-BA17-4B00-9A1F-8E36000E4FC8}
		{58296C65-6D0F-4BFF-ABBA-0671FE377EA0} = {6B4F1EEC-99BD-4E22-B3C2-27F1AB69515E}
		{F5456F82-7923-49AF-9527-423445E032FC} = {697DCD18-1223-4231-9767-6C6BCABECDC4}
		{A520DD0C-B0EC-4F12-938B-4CF4F0F1DCB7} = {28C2FFD0-EFE2-407E-B0AA-6B0553EC1025}
		{916B5370-BC3E-4A07-945B-F077CA7EDF6A} = {C36F763C-E6B8-4D7F-AA76-F234EA28831A}
	EndGlobalSection
	GlobalSection(ExtensibilityGlobals) = postSolution
		SolutionGuid = {8164A094-F4BA-412C-B634-D1C3AF8F42DC}
	EndGlobalSection
EndGlobal
